%{
  "castore": {:hex, :castore, "0.1.5", "591c763a637af2cc468a72f006878584bc6c306f8d111ef8ba1d4c10e0684010", [:mix], [], "hexpm", "6db356b2bc6cc22561e051ff545c20ad064af57647e436650aa24d7d06cd941a"},
  "finch": {:hex, :finch, "0.2.0", "be68a5cb459f6994faeb8a43de78eb19e3d3a9676665b79d2d890f17b8c6aec0", [:mix], [{:castore, "~> 0.1.5", [hex: :castore, repo: "hexpm", optional: false]}, {:mint, "~> 1.0", [hex: :mint, repo: "hexpm", optional: false]}, {:nimble_options, "~> 0.2.0", [hex: :nimble_options, repo: "hexpm", optional: false]}, {:nimble_pool, "~> 0.1.0", [hex: :nimble_pool, repo: "hexpm", optional: false]}, {:telemetry, "~> 0.4.0", [hex: :telemetry, repo: "hexpm", optional: false]}], "hexpm", "f1ed3147f22d61beeb5ff48d10f218e4ef8ad76e727526bf3816a40186ab1cbc"},
  "jason": {:hex, :jason, "1.2.1", "12b22825e22f468c02eb3e4b9985f3d0cb8dc40b9bd704730efa11abd2708c44", [:mix], [{:decimal, "~> 1.0", [hex: :decimal, repo: "hexpm", optional: true]}], "hexpm", "b659b8571deedf60f79c5a608e15414085fa141344e2716fbd6988a084b5f993"},
  "mint": {:hex, :mint, "1.0.0", "ca5ab33497ba2bdcc42f6cdd3927420a6159116be87c8173658e93c8746703da", [:mix], [{:castore, "~> 0.1.0", [hex: :castore, repo: "hexpm", optional: true]}], "hexpm", "b8943ef1e630879538dd6620bfc189d4d75fab3ad39f3fe9c50539879f7efd84"},
  "nimble_options": {:hex, :nimble_options, "0.2.1", "7eac99688c2544d4cc3ace36ee8f2bf4d738c14d031bd1e1193aab096309d488", [:mix], [], "hexpm", "ca48293609306791ce2634818d849b7defe09330adb7e4e1118a0bc59bed1cf4"},
  "nimble_pool": {:hex, :nimble_pool, "0.1.0", "ffa9d5be27eee2b00b0c634eb649aa27f97b39186fec3c493716c2a33e784ec6", [:mix], [], "hexpm", "343a1eaa620ddcf3430a83f39f2af499fe2370390d4f785cd475b4df5acaf3f9"},
  "telemetry": {:hex, :telemetry, "0.4.1", "ae2718484892448a24470e6aa341bc847c3277bfb8d4e9289f7474d752c09c7f", [:rebar3], [], "hexpm", "4738382e36a0a9a2b6e25d67c960e40e1a2c95560b9f936d8e29de8cd858480f"},
}
